// !$*UTF8*$!
{
	archiveVersion = 1;
	classes = {
	};
	objectVersion = 50;
	objects = {

/* Begin PBXBuildFile section */
		11CB459323661F5900241830 /* AppDelegate.swift in Sources */ = {isa = PBXBuildFile; fileRef = 11CB459223661F5900241830 /* AppDelegate.swift */; };
		11CB459523661F5900241830 /* ViewController.swift in Sources */ = {isa = PBXBuildFile; fileRef = 11CB459423661F5900241830 /* ViewController.swift */; };
		11CB459723661F5A00241830 /* Assets.xcassets in Resources */ = {isa = PBXBuildFile; fileRef = 11CB459623661F5A00241830 /* Assets.xcassets */; };
		11CB459A23661F5A00241830 /* Main.storyboard in Resources */ = {isa = PBXBuildFile; fileRef = 11CB459823661F5A00241830 /* Main.storyboard */; };
		11CB45A32366E21300241830 /* NetworkService.swift in Sources */ = {isa = PBXBuildFile; fileRef = 11CB45A22366E21300241830 /* NetworkService.swift */; };
		11CB45A52366E36A00241830 /* ResponseModel.swift in Sources */ = {isa = PBXBuildFile; fileRef = 11CB45A42366E36A00241830 /* ResponseModel.swift */; };
		11CB45A72366F58700241830 /* Extension+DateFormatter.swift in Sources */ = {isa = PBXBuildFile; fileRef = 11CB45A62366F58700241830 /* Extension+DateFormatter.swift */; };
		11CB45AA2366F7CE00241830 /* WebKit.framework in Frameworks */ = {isa = PBXBuildFile; fileRef = 11CB45A92366F7CD00241830 /* WebKit.framework */; };
/* End PBXBuildFile section */

/* Begin PBXFileReference section */
		11CB458F23661F5900241830 /* MWDNTest.app */ = {isa = PBXFileReference; explicitFileType = wrapper.application; includeInIndex = 0; path = MWDNTest.app; sourceTree = BUILT_PRODUCTS_DIR; };
		11CB459223661F5900241830 /* AppDelegate.swift */ = {isa = PBXFileReference; lastKnownFileType = sourcecode.swift; path = AppDelegate.swift; sourceTree = "<group>"; };
		11CB459423661F5900241830 /* ViewController.swift */ = {isa = PBXFileReference; lastKnownFileType = sourcecode.swift; path = ViewController.swift; sourceTree = "<group>"; };
		11CB459623661F5A00241830 /* Assets.xcassets */ = {isa = PBXFileReference; lastKnownFileType = folder.assetcatalog; path = Assets.xcassets; sourceTree = "<group>"; };
		11CB459923661F5A00241830 /* Base */ = {isa = PBXFileReference; lastKnownFileType = file.storyboard; name = Base; path = Base.lproj/Main.storyboard; sourceTree = "<group>"; };
		11CB459B23661F5A00241830 /* Info.plist */ = {isa = PBXFileReference; lastKnownFileType = text.plist.xml; path = Info.plist; sourceTree = "<group>"; };
		11CB459C23661F5A00241830 /* MWDNTest.entitlements */ = {isa = PBXFileReference; lastKnownFileType = text.plist.entitlements; path = MWDNTest.entitlements; sourceTree = "<group>"; };
		11CB45A22366E21300241830 /* NetworkService.swift */ = {isa = PBXFileReference; lastKnownFileType = sourcecode.swift; path = NetworkService.swift; sourceTree = "<group>"; };
		11CB45A42366E36A00241830 /* ResponseModel.swift */ = {isa = PBXFileReference; lastKnownFileType = sourcecode.swift; path = ResponseModel.swift; sourceTree = "<group>"; };
		11CB45A62366F58700241830 /* Extension+DateFormatter.swift */ = {isa = PBXFileReference; lastKnownFileType = sourcecode.swift; path = "Extension+DateFormatter.swift"; sourceTree = "<group>"; };
		11CB45A92366F7CD00241830 /* WebKit.framework */ = {isa = PBXFileReference; lastKnownFileType = wrapper.framework; name = WebKit.framework; path = System/Library/Frameworks/WebKit.framework; sourceTree = SDKROOT; };
/* End PBXFileReference section */

/* Begin PBXFrameworksBuildPhase section */
		11CB458C23661F5900241830 /* Frameworks */ = {
			isa = PBXFrameworksBuildPhase;
			buildActionMask = 2147483647;
			files = (
				11CB45AA2366F7CE00241830 /* WebKit.framework in Frameworks */,
			);
			runOnlyForDeploymentPostprocessing = 0;
		};
/* End PBXFrameworksBuildPhase section */

/* Begin PBXGroup section */
		11CB458623661F5900241830 = {
			isa = PBXGroup;
			children = (
				11CB459123661F5900241830 /* MWDNTest */,
				11CB459023661F5900241830 /* Products */,
				11CB45A82366F7CD00241830 /* Frameworks */,
			);
			sourceTree = "<group>";
		};
		11CB459023661F5900241830 /* Products */ = {
			isa = PBXGroup;
			children = (
				11CB458F23661F5900241830 /* MWDNTest.app */,
			);
			name = Products;
			sourceTree = "<group>";
		};
		11CB459123661F5900241830 /* MWDNTest */ = {
			isa = PBXGroup;
			children = (
				11CB459223661F5900241830 /* AppDelegate.swift */,
				11CB45B02367009900241830 /* Controllers */,
				11CB45AE2367007700241830 /* Model */,
				11CB45AF2367008300241830 /* Storyboard */,
				11CB45AC2367005800241830 /* NetworkService */,
				11CB45AB2367004900241830 /* Extensions */,
				11CB459623661F5A00241830 /* Assets.xcassets */,
				11CB459B23661F5A00241830 /* Info.plist */,
				11CB459C23661F5A00241830 /* MWDNTest.entitlements */,
			);
			path = MWDNTest;
			sourceTree = "<group>";
		};
		11CB45A82366F7CD00241830 /* Frameworks */ = {
			isa = PBXGroup;
			children = (
				11CB45A92366F7CD00241830 /* WebKit.framework */,
			);
			name = Frameworks;
			sourceTree = "<group>";
		};
		11CB45AB2367004900241830 /* Extensions */ = {
			isa = PBXGroup;
			children = (
				11CB45A62366F58700241830 /* Extension+DateFormatter.swift */,
			);
			path = Extensions;
			sourceTree = "<group>";
		};
		11CB45AC2367005800241830 /* NetworkService */ = {
			isa = PBXGroup;
			children = (
				11CB45A22366E21300241830 /* NetworkService.swift */,
			);
			path = NetworkService;
			sourceTree = "<group>";
		};
		11CB45AE2367007700241830 /* Model */ = {
			isa = PBXGroup;
			children = (
				11CB45A42366E36A00241830 /* ResponseModel.swift */,
			);
			path = Model;
			sourceTree = "<group>";
		};
		11CB45AF2367008300241830 /* Storyboard */ = {
			isa = PBXGroup;
			children = (
				11CB459823661F5A00241830 /* Main.storyboard */,
			);
			path = Storyboard;
			sourceTree = "<group>";
		};
		11CB45B02367009900241830 /* Controllers */ = {
			isa = PBXGroup;
			children = (
				11CB459423661F5900241830 /* ViewController.swift */,
			);
			path = Controllers;
			sourceTree = "<group>";
		};
/* End PBXGroup section */

/* Begin PBXNativeTarget section */
		11CB458E23661F5900241830 /* MWDNTest */ = {
			isa = PBXNativeTarget;
			buildConfigurationList = 11CB459F23661F5A00241830 /* Build configuration list for PBXNativeTarget "MWDNTest" */;
			buildPhases = (
				11CB458B23661F5900241830 /* Sources */,
				11CB458C23661F5900241830 /* Frameworks */,
				11CB458D23661F5900241830 /* Resources */,
			);
			buildRules = (
			);
			dependencies = (
			);
			name = MWDNTest;
			productName = MWDNTest;
			productReference = 11CB458F23661F5900241830 /* MWDNTest.app */;
			productType = "com.apple.product-type.application";
		};
/* End PBXNativeTarget section */

/* Begin PBXProject section */
		11CB458723661F5900241830 /* Project object */ = {
			isa = PBXProject;
			attributes = {
				LastSwiftUpdateCheck = 1030;
				LastUpgradeCheck = 1030;
				ORGANIZATIONNAME = "Богдан Воробйовський";
				TargetAttributes = {
					11CB458E23661F5900241830 = {
						CreatedOnToolsVersion = 10.3;
						SystemCapabilities = {
							com.apple.Sandbox = {
								enabled = 1;
							};
						};
					};
				};
			};
			buildConfigurationList = 11CB458A23661F5900241830 /* Build configuration list for PBXProject "MWDNTest" */;
			compatibilityVersion = "Xcode 9.3";
			developmentRegion = en;
			hasScannedForEncodings = 0;
			knownRegions = (
				en,
				Base,
			);
			mainGroup = 11CB458623661F5900241830;
			productRefGroup = 11CB459023661F5900241830 /* Products */;
			projectDirPath = "";
			projectRoot = "";
			targets = (
				11CB458E23661F5900241830 /* MWDNTest */,
			);
		};
/* End PBXProject section */

/* Begin PBXResourcesBuildPhase section */
		11CB458D23661F5900241830 /* Resources */ = {
			isa = PBXResourcesBuildPhase;
			buildActionMask = 2147483647;
			files = (
				11CB459723661F5A00241830 /* Assets.xcassets in Resources */,
				11CB459A23661F5A00241830 /* Main.storyboard in Resources */,
			);
			runOnlyForDeploymentPostprocessing = 0;
		};
/* End PBXResourcesBuildPhase section */

/* Begin PBXSourcesBuildPhase section */
		11CB458B23661F5900241830 /* Sources */ = {
			isa = PBXSourcesBuildPhase;
			buildActionMask = 2147483647;
			files = (
				11CB459523661F5900241830 /* ViewController.swift in Sources */,
				11CB45A72366F58700241830 /* Extension+DateFormatter.swift in Sources */,
				11CB45A32366E21300241830 /* NetworkService.swift in Sources */,
				11CB45A52366E36A00241830 /* ResponseModel.swift in Sources */,
				11CB459323661F5900241830 /* AppDelegate.swift in Sources */,
			);
			runOnlyForDeploymentPostprocessing = 0;
		};
/* End PBXSourcesBuildPhase section */

/* Begin PBXVariantGroup section */
		11CB459823661F5A00241830 /* Main.storyboard */ = {
			isa = PBXVariantGroup;
			children = (
				11CB459923661F5A00241830 /* Base */,
			);
			name = Main.storyboard;
			sourceTree = "<group>";
		};
/* End PBXVariantGroup section */

/* Begin XCBuildConfiguration section */
		11CB459D23661F5A00241830 /* Debug */ = {
			isa = XCBuildConfiguration;
			buildSettings = {
				ALWAYS_SEARCH_USER_PATHS = NO;
				CLANG_ANALYZER_NONNULL = YES;
				CLANG_ANALYZER_NUMBER_OBJECT_CONVERSION = YES_AGGRESSIVE;
				CLANG_CXX_LANGUAGE_STANDARD = "gnu++14";
				CLANG_CXX_LIBRARY = "libc++";
				CLANG_ENABLE_MODULES = YES;
				CLANG_ENABLE_OBJC_ARC = YES;
				CLANG_ENABLE_OBJC_WEAK = YES;
				CLANG_WARN_BLOCK_CAPTURE_AUTORELEASING = YES;
				CLANG_WARN_BOOL_CONVERSION = YES;
				CLANG_WARN_COMMA = YES;
				CLANG_WARN_CONSTANT_CONVERSION = YES;
				CLANG_WARN_DEPRECATED_OBJC_IMPLEMENTATIONS = YES;
				CLANG_WARN_DIRECT_OBJC_ISA_USAGE = YES_ERROR;
				CLANG_WARN_DOCUMENTATION_COMMENTS = YES;
				CLANG_WARN_EMPTY_BODY = YES;
				CLANG_WARN_ENUM_CONVERSION = YES;
				CLANG_WARN_INFINITE_RECURSION = YES;
				CLANG_WARN_INT_CONVERSION = YES;
				CLANG_WARN_NON_LITERAL_NULL_CONVERSION = YES;
				CLANG_WARN_OBJC_IMPLICIT_RETAIN_SELF = YES;
				CLANG_WARN_OBJC_LITERAL_CONVERSION = YES;
				CLANG_WARN_OBJC_ROOT_CLASS = YES_ERROR;
				CLANG_WARN_RANGE_LOOP_ANALYSIS = YES;
				CLANG_WARN_STRICT_PROTOTYPES = YES;
				CLANG_WARN_SUSPICIOUS_MOVE = YES;
				CLANG_WARN_UNGUARDED_AVAILABILITY = YES_AGGRESSIVE;
				CLANG_WARN_UNREACHABLE_CODE = YES;
				CLANG_WARN__DUPLICATE_METHOD_MATCH = YES;
				CODE_SIGN_IDENTITY = "Mac Developer";
				COPY_PHASE_STRIP = NO;
				DEBUG_INFORMATION_FORMAT = dwarf;
				ENABLE_STRICT_OBJC_MSGSEND = YES;
				ENABLE_TESTABILITY = YES;
				GCC_C_LANGUAGE_STANDARD = gnu11;
				GCC_DYNAMIC_NO_PIC = NO;
				GCC_NO_COMMON_BLOCKS = YES;
				GCC_OPTIMIZATION_LEVEL = 0;
				GCC_PREPROCESSOR_DEFINITIONS = (
					"DEBUG=1",
					"$(inherited)",
				);
				GCC_WARN_64_TO_32_BIT_CONVERSION = YES;
				GCC_WARN_ABOUT_RETURN_TYPE = YES_ERROR;
				GCC_WARN_UNDECLARED_SELECTOR = YES;
				GCC_WARN_UNINITIALIZED_AUTOS = YES_AGGRESSIVE;
				GCC_WARN_UNUSED_FUNCTION = YES;
				GCC_WARN_UNUSED_VARIABLE = YES;
				MACOSX_DEPLOYMENT_TARGET = 10.15;
				MTL_ENABLE_DEBUG_INFO = INCLUDE_SOURCE;
				MTL_FAST_MATH = YES;
				ONLY_ACTIVE_ARCH = YES;
				SDKROOT = macosx;
				SWIFT_ACTIVE_COMPILATION_CONDITIONS = DEBUG;
				SWIFT_OPTIMIZATION_LEVEL = "-Onone";
			};
			name = Debug;
		};
		11CB459E23661F5A00241830 /* Release */ = {
			isa = XCBuildConfiguration;
			buildSettings = {
				ALWAYS_SEARCH_USER_PATHS = NO;
				CLANG_ANALYZER_NONNULL = YES;
				CLANG_ANALYZER_NUMBER_OBJECT_CONVERSION = YES_AGGRESSIVE;
				CLANG_CXX_LANGUAGE_STANDARD = "gnu++14";
				CLANG_CXX_LIBRARY = "libc++";
				CLANG_ENABLE_MODULES = YES;
				CLANG_ENABLE_OBJC_ARC = YES;
				CLANG_ENABLE_OBJC_WEAK = YES;
				CLANG_WARN_BLOCK_CAPTURE_AUTORELEASING = YES;
				CLANG_WARN_BOOL_CONVERSION = YES;
				CLANG_WARN_COMMA = YES;
				CLANG_WARN_CONSTANT_CONVERSION = YES;
				CLANG_WARN_DEPRECATED_OBJC_IMPLEMENTATIONS = YES;
				CLANG_WARN_DIRECT_OBJC_ISA_USAGE = YES_ERROR;
				CLANG_WARN_DOCUMENTATION_COMMENTS = YES;
				CLANG_WARN_EMPTY_BODY = YES;
				CLANG_WARN_ENUM_CONVERSION = YES;
				CLANG_WARN_INFINITE_RECURSION = YES;
				CLANG_WARN_INT_CONVERSION = YES;
				CLANG_WARN_NON_LITERAL_NULL_CONVERSION = YES;
				CLANG_WARN_OBJC_IMPLICIT_RETAIN_SELF = YES;
				CLANG_WARN_OBJC_LITERAL_CONVERSION = YES;
				CLANG_WARN_OBJC_ROOT_CLASS = YES_ERROR;
				CLANG_WARN_RANGE_LOOP_ANALYSIS = YES;
				CLANG_WARN_STRICT_PROTOTYPES = YES;
				CLANG_WARN_SUSPICIOUS_MOVE = YES;
				CLANG_WARN_UNGUARDED_AVAILABILITY = YES_AGGRESSIVE;
				CLANG_WARN_UNREACHABLE_CODE = YES;
				CLANG_WARN__DUPLICATE_METHOD_MATCH = YES;
				CODE_SIGN_IDENTITY = "Mac Developer";
				COPY_PHASE_STRIP = NO;
				DEBUG_INFORMATION_FORMAT = "dwarf-with-dsym";
				ENABLE_NS_ASSERTIONS = NO;
				ENABLE_STRICT_OBJC_MSGSEND = YES;
				GCC_C_LANGUAGE_STANDARD = gnu11;
				GCC_NO_COMMON_BLOCKS = YES;
				GCC_WARN_64_TO_32_BIT_CONVERSION = YES;
				GCC_WARN_ABOUT_RETURN_TYPE = YES_ERROR;
				GCC_WARN_UNDECLARED_SELECTOR = YES;
				GCC_WARN_UNINITIALIZED_AUTOS = YES_AGGRESSIVE;
				GCC_WARN_UNUSED_FUNCTION = YES;
				GCC_WARN_UNUSED_VARIABLE = YES;
				MACOSX_DEPLOYMENT_TARGET = 10.15;
				MTL_ENABLE_DEBUG_INFO = NO;
				MTL_FAST_MATH = YES;
				SDKROOT = macosx;
				SWIFT_COMPILATION_MODE = wholemodule;
				SWIFT_OPTIMIZATION_LEVEL = "-O";
			};
			name = Release;
		};
		11CB45A023661F5A00241830 /* Debug */ = {
			isa = XCBuildConfiguration;
			buildSettings = {
				ASSETCATALOG_COMPILER_APPICON_NAME = AppIcon;
				CODE_SIGN_ENTITLEMENTS = MWDNTest/MWDNTest.entitlements;
				CODE_SIGN_STYLE = Automatic;
				COMBINE_HIDPI_IMAGES = YES;
				DEVELOPMENT_TEAM = 27SYK7U5JH;
				INFOPLIST_FILE = MWDNTest/Info.plist;
				LD_RUNPATH_SEARCH_PATHS = (
					"$(inherited)",
					"@executable_path/../Frameworks",
				);
				PRODUCT_BUNDLE_IDENTIFIER = aaa.MWDNTest;
				PRODUCT_NAME = "$(TARGET_NAME)";
				SWIFT_VERSION = 5.0;
			};
			name = Debug;
		};
		11CB45A123661F5A00241830 /* Release */ = {
			isa = XCBuildConfiguration;
			buildSettings = {
				ASSETCATALOG_COMPILER_APPICON_NAME = AppIcon;
				CODE_SIGN_ENTITLEMENTS = MWDNTest/MWDNTest.entitlements;
				CODE_SIGN_STYLE = Automatic;
				COMBINE_HIDPI_IMAGES = YES;
				DEVELOPMENT_TEAM = 27SYK7U5JH;
				INFOPLIST_FILE = MWDNTest/Info.plist;
				LD_RUNPATH_SEARCH_PATHS = (
					"$(inherited)",
					"@executable_path/../Frameworks",
				);
				PRODUCT_BUNDLE_IDENTIFIER = aaa.MWDNTest;
				PRODUCT_NAME = "$(TARGET_NAME)";
				SWIFT_VERSION = 5.0;
			};
			name = Release;
		};
/* End XCBuildConfiguration section */

/* Begin XCConfigurationList section */
		11CB458A23661F5900241830 /* Build configuration list for PBXProject "MWDNTest" */ = {
			isa = XCConfigurationList;
			buildConfigurations = (
				11CB459D23661F5A00241830 /* Debug */,
				11CB459E23661F5A00241830 /* Release */,
			);
			defaultConfigurationIsVisible = 0;
			defaultConfigurationName = Release;
		};
		11CB459F23661F5A00241830 /* Build configuration list for PBXNativeTarget "MWDNTest" */ = {
			isa = XCConfigurationList;
			buildConfigurations = (
				11CB45A023661F5A00241830 /* Debug */,
				11CB45A123661F5A00241830 /* Release */,
			);
			defaultConfigurationIsVisible = 0;
			defaultConfigurationName = Release;
		};
/* End XCConfigurationList section */
	};
	rootObject = 11CB458723661F5900241830 /* Project object */;
}
